
Microsoft Visual Studio Solution File, Format Version 12.00
# Visual Studio Version 16
VisualStudioVersion = 16.0.810.16
MinimumVisualStudioVersion = 10.0.40219.1
Project("{FAE04EC0-301F-11D3-BF4B-00C04F79EFBC}") = "RepositorioDePrueba", "RepositorioDePrueba\RepositorioDePrueba.csproj", "{6EC8ABD0-3EC9-411F-B785-4E449774F340}"
EndProject
Global
	GlobalSection(SolutionConfigurationPlatforms) = preSolution
		Debug|Any CPU = Debug|Any CPU
		Release|Any CPU = Release|Any CPU
	EndGlobalSection
	GlobalSection(ProjectConfigurationPlatforms) = postSolution
		{6EC8ABD0-3EC9-411F-B785-4E449774F340}.Debug|Any CPU.ActiveCfg = Debug|Any CPU
		{6EC8ABD0-3EC9-411F-B785-4E449774F340}.Debug|Any CPU.Build.0 = Debug|Any CPU
		{6EC8ABD0-3EC9-411F-B785-4E449774F340}.Release|Any CPU.ActiveCfg = Release|Any CPU
		{6EC8ABD0-3EC9-411F-B785-4E449774F340}.Release|Any CPU.Build.0 = Release|Any CPU
	EndGlobalSection
	GlobalSection(SolutionProperties) = preSolution
		HideSolutionNode = FALSE
	EndGlobalSection
	GlobalSection(ExtensibilityGlobals) = postSolution
		SolutionGuid = {479A00FD-65E7-412B-AA0A-0592A5774C2B}
	EndGlobalSection
EndGlobal
